Microsoft Visual Studio Solution File, Format Version 11.00
# Visual Studio 2015
Project("{630553CB-467B-4E4D-CA4C-4F1A7C3A3041}") = "parametriceq", "parametriceq.vcxproj", "{53852E95-24B1-8A97-4300-84FF0A254912}"
EndProject
Global
	GlobalSection(SolutionConfigurationPlatforms) = preSolution
		Debug|Win32 = Debug|Win32
		Release|Win32 = Release|Win32
	EndGlobalSection
	GlobalSection(ProjectConfigurationPlatforms) = postSolution
		{53852E95-24B1-8A97-4300-84FF0A254912}.Debug|Win32.ActiveCfg = Debug|Win32
		{53852E95-24B1-8A97-4300-84FF0A254912}.Debug|Win32.Build.0 = Debug|Win32
		{53852E95-24B1-8A97-4300-84FF0A254912}.Release|Win32.ActiveCfg = Release|Win32
		{53852E95-24B1-8A97-4300-84FF0A254912}.Release|Win32.Build.0 = Release|Win32
	EndGlobalSection
	GlobalSection(SolutionProperties) = preSolution
		HideSolutionNode = FALSE
	EndGlobalSection
EndGlobal
